// !$*UTF8*$!
{
	archiveVersion = 1;
	classes = {
	};
	objectVersion = 51;
	objects = {

/* Begin PBXBuildFile section */
		5D0E336424E018FD00B45143 /* PocketDayView.swift in Sources */ = {isa = PBXBuildFile; fileRef = 5D0E336224E018FD00B45143 /* PocketDayView.swift */; };
		5D2640E824E41A4F001A97A2 /* LessonInfoModalViewController.swift in Sources */ = {isa = PBXBuildFile; fileRef = 5D2640E724E41A4F001A97A2 /* LessonInfoModalViewController.swift */; };
		5D2640EA24E41A58001A97A2 /* LessonInfoModalView.swift in Sources */ = {isa = PBXBuildFile; fileRef = 5D2640E924E41A58001A97A2 /* LessonInfoModalView.swift */; };
		5D26426F24E41C57001A97A2 /* Schedule.User.swift in Sources */ = {isa = PBXBuildFile; fileRef = 5D26426824E41C57001A97A2 /* Schedule.User.swift */; };
		5D26427024E41C57001A97A2 /* Preps.swift in Sources */ = {isa = PBXBuildFile; fileRef = 5D26426924E41C57001A97A2 /* Preps.swift */; };
		5D26427124E41C57001A97A2 /* Timetable.swift in Sources */ = {isa = PBXBuildFile; fileRef = 5D26426A24E41C57001A97A2 /* Timetable.swift */; };
		5D26427224E41C57001A97A2 /* Grous.swift in Sources */ = {isa = PBXBuildFile; fileRef = 5D26426B24E41C57001A97A2 /* Grous.swift */; };
		5D26427324E41C57001A97A2 /* Timetable.Lesson.swift in Sources */ = {isa = PBXBuildFile; fileRef = 5D26426C24E41C57001A97A2 /* Timetable.Lesson.swift */; };
		5D26427424E41C57001A97A2 /* Timetable.JSONLesson.swift in Sources */ = {isa = PBXBuildFile; fileRef = 5D26426D24E41C57001A97A2 /* Timetable.JSONLesson.swift */; };
		5D26427524E41C57001A97A2 /* Schedule.swift in Sources */ = {isa = PBXBuildFile; fileRef = 5D26426E24E41C57001A97A2 /* Schedule.swift */; };
		5D296EAE24E2E747006AAE13 /* DarkModeDetect.swift in Sources */ = {isa = PBXBuildFile; fileRef = 5D296EAD24E2E747006AAE13 /* DarkModeDetect.swift */; };
		5D296EB124E2EC11006AAE13 /* PocketFAQCard.swift in Sources */ = {isa = PBXBuildFile; fileRef = 5D296EB024E2EC11006AAE13 /* PocketFAQCard.swift */; };
		5D2ADF9B24D42407006DACED /* ModalViewController.swift in Sources */ = {isa = PBXBuildFile; fileRef = 5D2ADF9A24D42407006DACED /* ModalViewController.swift */; };
		5D2ADF9D24D4242A006DACED /* ModalView.swift in Sources */ = {isa = PBXBuildFile; fileRef = 5D2ADF9C24D4242A006DACED /* ModalView.swift */; };
		5D2ADFA024D42663006DACED /* TimetableFilterView.swift in Sources */ = {isa = PBXBuildFile; fileRef = 5D2ADF9F24D42663006DACED /* TimetableFilterView.swift */; };
		5D2ADFA624D42817006DACED /* TimetableFilterViewConroller.swift in Sources */ = {isa = PBXBuildFile; fileRef = 5D2ADFA524D42817006DACED /* TimetableFilterViewConroller.swift */; };
		5D3D6C9524E42EA2007CE482 /* MainTabBarController.swift in Sources */ = {isa = PBXBuildFile; fileRef = 5D3D6C9424E42EA2007CE482 /* MainTabBarController.swift */; };
		5D3E08C424D4A51F00DF6DBD /* TutorialScreenView.swift in Sources */ = {isa = PBXBuildFile; fileRef = 5D3E08C324D4A51F00DF6DBD /* TutorialScreenView.swift */; };
		5D3E08C624D4A53400DF6DBD /* TutorialScreenViewController.swift in Sources */ = {isa = PBXBuildFile; fileRef = 5D3E08C524D4A53400DF6DBD /* TutorialScreenViewController.swift */; };
		5D74FE2424E0993700FC38B8 /* NibView.swift in Sources */ = {isa = PBXBuildFile; fileRef = 5D74FE2324E0993700FC38B8 /* NibView.swift */; };
		5D74FE2924E13E5B00FC38B8 /* TimetableViewController.swift in Sources */ = {isa = PBXBuildFile; fileRef = 5D74FE2824E13E5B00FC38B8 /* TimetableViewController.swift */; };
		5D74FE2B24E13FBF00FC38B8 /* TimetableLessonCell.swift in Sources */ = {isa = PBXBuildFile; fileRef = 5D74FE2A24E13FBF00FC38B8 /* TimetableLessonCell.swift */; };
		5D7DF85824D42FC400CCD0AE /* CornerRadius.swift in Sources */ = {isa = PBXBuildFile; fileRef = 5D7DF85724D42FC400CCD0AE /* CornerRadius.swift */; };
		5D7DF85C24D46B0E00CCD0AE /* Button.swift in Sources */ = {isa = PBXBuildFile; fileRef = 5D7DF85B24D46B0E00CCD0AE /* Button.swift */; };
		5D95A62024D412AB000418B5 /* AppDelegate.swift in Sources */ = {isa = PBXBuildFile; fileRef = 5D95A61F24D412AB000418B5 /* AppDelegate.swift */; };
		5D95A62A24D412AB000418B5 /* View.swift in Sources */ = {isa = PBXBuildFile; fileRef = 5D95A62924D412AB000418B5 /* View.swift */; };
		5D95A62C24D412AB000418B5 /* ViewController.swift in Sources */ = {isa = PBXBuildFile; fileRef = 5D95A62B24D412AB000418B5 /* ViewController.swift */; };
		5D95A63524D412AB000418B5 /* rasp_guap.xcdatamodeld in Sources */ = {isa = PBXBuildFile; fileRef = 5D95A63324D412AB000418B5 /* rasp_guap.xcdatamodeld */; };
		5D95A63724D412AC000418B5 /* Assets.xcassets in Resources */ = {isa = PBXBuildFile; fileRef = 5D95A63624D412AC000418B5 /* Assets.xcassets */; };
		5D95A63A24D412AC000418B5 /* LaunchScreen.storyboard in Resources */ = {isa = PBXBuildFile; fileRef = 5D95A63824D412AC000418B5 /* LaunchScreen.storyboard */; };
		5D99B23224DD58CF00D6C648 /* TTCommons-LightItalic.ttf in Resources */ = {isa = PBXBuildFile; fileRef = 5D99B21624DD58CF00D6C648 /* TTCommons-LightItalic.ttf */; };
		5D99B23324DD58CF00D6C648 /* TTCommons-MediumItalic.ttf in Resources */ = {isa = PBXBuildFile; fileRef = 5D99B21724DD58CF00D6C648 /* TTCommons-MediumItalic.ttf */; };
		5D99B23424DD58CF00D6C648 /* TTCommons-Regular.ttf in Resources */ = {isa = PBXBuildFile; fileRef = 5D99B21824DD58CF00D6C648 /* TTCommons-Regular.ttf */; };
		5D99B23524DD58CF00D6C648 /* TTCommons-Bold.ttf in Resources */ = {isa = PBXBuildFile; fileRef = 5D99B21924DD58CF00D6C648 /* TTCommons-Bold.ttf */; };
		5D99B23624DD58CF00D6C648 /* TTCommons-BoldItalic.ttf in Resources */ = {isa = PBXBuildFile; fileRef = 5D99B21A24DD58CF00D6C648 /* TTCommons-BoldItalic.ttf */; };
		5D99B23724DD58CF00D6C648 /* TTCommons-Medium.ttf in Resources */ = {isa = PBXBuildFile; fileRef = 5D99B21B24DD58CF00D6C648 /* TTCommons-Medium.ttf */; };
		5D99B23824DD58CF00D6C648 /* TTCommons-Italic.ttf in Resources */ = {isa = PBXBuildFile; fileRef = 5D99B21C24DD58CF00D6C648 /* TTCommons-Italic.ttf */; };
		5D99B23924DD58CF00D6C648 /* TTCommons-DemiBoldItalic.ttf in Resources */ = {isa = PBXBuildFile; fileRef = 5D99B21D24DD58CF00D6C648 /* TTCommons-DemiBoldItalic.ttf */; };
		5D99B23A24DD58CF00D6C648 /* TTCommons-DemiBold.ttf in Resources */ = {isa = PBXBuildFile; fileRef = 5D99B21E24DD58CF00D6C648 /* TTCommons-DemiBold.ttf */; };
		5D99B23B24DD58CF00D6C648 /* TTCommons-Light.ttf in Resources */ = {isa = PBXBuildFile; fileRef = 5D99B21F24DD58CF00D6C648 /* TTCommons-Light.ttf */; };
		5D99B24E24DD600900D6C648 /* SFProDisplay-BlackItalic.ttf in Resources */ = {isa = PBXBuildFile; fileRef = 5D99B23C24DD600900D6C648 /* SFProDisplay-BlackItalic.ttf */; };
		5D99B24F24DD600900D6C648 /* SFProDisplay-Black.ttf in Resources */ = {isa = PBXBuildFile; fileRef = 5D99B23D24DD600900D6C648 /* SFProDisplay-Black.ttf */; };
		5D99B25024DD600900D6C648 /* SFProDisplay-UltralightItalic.ttf in Resources */ = {isa = PBXBuildFile; fileRef = 5D99B23E24DD600900D6C648 /* SFProDisplay-UltralightItalic.ttf */; };
		5D99B25124DD600900D6C648 /* SFProDisplay-LightItalic.ttf in Resources */ = {isa = PBXBuildFile; fileRef = 5D99B23F24DD600900D6C648 /* SFProDisplay-LightItalic.ttf */; };
		5D99B25224DD600900D6C648 /* SFProDisplay-Medium.ttf in Resources */ = {isa = PBXBuildFile; fileRef = 5D99B24024DD600900D6C648 /* SFProDisplay-Medium.ttf */; };
		5D99B25324DD600900D6C648 /* SFProDisplay-Regular.ttf in Resources */ = {isa = PBXBuildFile; fileRef = 5D99B24124DD600900D6C648 /* SFProDisplay-Regular.ttf */; };
		5D99B25424DD600900D6C648 /* SFProDisplay-Ultralight.ttf in Resources */ = {isa = PBXBuildFile; fileRef = 5D99B24224DD600900D6C648 /* SFProDisplay-Ultralight.ttf */; };
		5D99B25524DD600900D6C648 /* SFProDisplay-Semibold.ttf in Resources */ = {isa = PBXBuildFile; fileRef = 5D99B24324DD600900D6C648 /* SFProDisplay-Semibold.ttf */; };
		5D99B25624DD600900D6C648 /* SFProDisplay-MediumItalic.ttf in Resources */ = {isa = PBXBuildFile; fileRef = 5D99B24424DD600900D6C648 /* SFProDisplay-MediumItalic.ttf */; };
		5D99B25724DD600900D6C648 /* SFProDisplay-Bold.ttf in Resources */ = {isa = PBXBuildFile; fileRef = 5D99B24524DD600900D6C648 /* SFProDisplay-Bold.ttf */; };
		5D99B25824DD600900D6C648 /* SFProDisplay-Thin.ttf in Resources */ = {isa = PBXBuildFile; fileRef = 5D99B24624DD600900D6C648 /* SFProDisplay-Thin.ttf */; };
		5D99B25924DD600900D6C648 /* SFProDisplay-ThinItalic.ttf in Resources */ = {isa = PBXBuildFile; fileRef = 5D99B24724DD600900D6C648 /* SFProDisplay-ThinItalic.ttf */; };
		5D99B25A24DD600900D6C648 /* SFProDisplay-RegularItalic.ttf in Resources */ = {isa = PBXBuildFile; fileRef = 5D99B24824DD600900D6C648 /* SFProDisplay-RegularItalic.ttf */; };
		5D99B25B24DD600900D6C648 /* SFProDisplay-HeavyItalic.ttf in Resources */ = {isa = PBXBuildFile; fileRef = 5D99B24924DD600900D6C648 /* SFProDisplay-HeavyItalic.ttf */; };
		5D99B25C24DD600900D6C648 /* SFProDisplay-Heavy.ttf in Resources */ = {isa = PBXBuildFile; fileRef = 5D99B24A24DD600900D6C648 /* SFProDisplay-Heavy.ttf */; };
		5D99B25D24DD600900D6C648 /* SFProDisplay-BoldItalic.ttf in Resources */ = {isa = PBXBuildFile; fileRef = 5D99B24B24DD600900D6C648 /* SFProDisplay-BoldItalic.ttf */; };
		5D99B25E24DD600900D6C648 /* SFProDisplay-SemiboldItalic.ttf in Resources */ = {isa = PBXBuildFile; fileRef = 5D99B24C24DD600900D6C648 /* SFProDisplay-SemiboldItalic.ttf */; };
		5D99B25F24DD600900D6C648 /* SFProDisplay-Light.ttf in Resources */ = {isa = PBXBuildFile; fileRef = 5D99B24D24DD600900D6C648 /* SFProDisplay-Light.ttf */; };
		5DA10F3C24DB28EB00D09BD8 /* PagedViewDelegate.swift in Sources */ = {isa = PBXBuildFile; fileRef = 5DA10F3B24DB28EB00D09BD8 /* PagedViewDelegate.swift */; };
		5DA10F3F24DB452600D09BD8 /* BackgroundElipse.swift in Sources */ = {isa = PBXBuildFile; fileRef = 5DA10F3E24DB452600D09BD8 /* BackgroundElipse.swift */; };
		5DA10F4124DB497700D09BD8 /* DegreesToRadiansConvertion.swift in Sources */ = {isa = PBXBuildFile; fileRef = 5DA10F4024DB497700D09BD8 /* DegreesToRadiansConvertion.swift */; };
		5DA10F4924DB556A00D09BD8 /* FirstPageView.swift in Sources */ = {isa = PBXBuildFile; fileRef = 5DA10F4824DB556A00D09BD8 /* FirstPageView.swift */; };
		5DA10F4D24DBFE3C00D09BD8 /* FirstPageViewController.swift in Sources */ = {isa = PBXBuildFile; fileRef = 5DA10F4C24DBFE3C00D09BD8 /* FirstPageViewController.swift */; };
		5DA10F4F24DC1A7700D09BD8 /* FirstTutorialPageSkipDelegate.swift in Sources */ = {isa = PBXBuildFile; fileRef = 5DA10F4E24DC1A7700D09BD8 /* FirstTutorialPageSkipDelegate.swift */; };
		5DA10F6924DC2EDA00D09BD8 /* Assets.swift in Sources */ = {isa = PBXBuildFile; fileRef = 5DA10F6824DC2ED900D09BD8 /* Assets.swift */; };
		5DA10F6B24DC2EE600D09BD8 /* Fonts.swift in Sources */ = {isa = PBXBuildFile; fileRef = 5DA10F6A24DC2EE600D09BD8 /* Fonts.swift */; };
		5DA10F6D24DC412600D09BD8 /* SecondPageView.swift in Sources */ = {isa = PBXBuildFile; fileRef = 5DA10F6C24DC412600D09BD8 /* SecondPageView.swift */; };
		5DA10F7124DC41D300D09BD8 /* TutorialPageTemplate.swift in Sources */ = {isa = PBXBuildFile; fileRef = 5DA10F7024DC41D300D09BD8 /* TutorialPageTemplate.swift */; };
		5DA10F7424DC4FB300D09BD8 /* ThirdPageView.swift in Sources */ = {isa = PBXBuildFile; fileRef = 5DA10F7324DC4FB300D09BD8 /* ThirdPageView.swift */; };
		5DA10F7824DC58A900D09BD8 /* FourthPageView.swift in Sources */ = {isa = PBXBuildFile; fileRef = 5DA10F7724DC58A900D09BD8 /* FourthPageView.swift */; };
		5DA10F7A24DC58B300D09BD8 /* FifthPageView.swift in Sources */ = {isa = PBXBuildFile; fileRef = 5DA10F7924DC58B300D09BD8 /* FifthPageView.swift */; };
		5DA10F7E24DC5D7D00D09BD8 /* GroupSelectPage.swift in Sources */ = {isa = PBXBuildFile; fileRef = 5DA10F7D24DC5D7D00D09BD8 /* GroupSelectPage.swift */; };
		5DA10F8024DC5DF400D09BD8 /* GroupSelectPageViewController.swift in Sources */ = {isa = PBXBuildFile; fileRef = 5DA10F7F24DC5DF400D09BD8 /* GroupSelectPageViewController.swift */; };
		5DA10F8224DC5EBE00D09BD8 /* swiftgen.yml in Resources */ = {isa = PBXBuildFile; fileRef = 5DA10F8124DC5EBE00D09BD8 /* swiftgen.yml */; };
		5DA10F8524DC7B2800D09BD8 /* SecondPageViewController.swift in Sources */ = {isa = PBXBuildFile; fileRef = 5DA10F8424DC7B2800D09BD8 /* SecondPageViewController.swift */; };
		5DA10F8724DC7B3300D09BD8 /* ThirdPageViewController.swift in Sources */ = {isa = PBXBuildFile; fileRef = 5DA10F8624DC7B3300D09BD8 /* ThirdPageViewController.swift */; };
		5DA10F8924DC7B3E00D09BD8 /* FourthPageViewController.swift in Sources */ = {isa = PBXBuildFile; fileRef = 5DA10F8824DC7B3E00D09BD8 /* FourthPageViewController.swift */; };
		5DA10F8B24DC7B4900D09BD8 /* FifthPageViewController.swift in Sources */ = {isa = PBXBuildFile; fileRef = 5DA10F8A24DC7B4900D09BD8 /* FifthPageViewController.swift */; };
		5DA10F8E24DC7D6500D09BD8 /* PocketDivView.swift in Sources */ = {isa = PBXBuildFile; fileRef = 5DA10F8D24DC7D6500D09BD8 /* PocketDivView.swift */; };
		5DA10F9124DCACE800D09BD8 /* PocketNewsView.swift in Sources */ = {isa = PBXBuildFile; fileRef = 5DA10F9024DCACE800D09BD8 /* PocketNewsView.swift */; };
		5DA7DD3724D4B8FB00176157 /* PagedView.swift in Sources */ = {isa = PBXBuildFile; fileRef = 5DA7DD3624D4B8FB00176157 /* PagedView.swift */; };
		5DC4BC6D24DD80AC00E90BB3 /* PocketDeadlineView.swift in Sources */ = {isa = PBXBuildFile; fileRef = 5DC4BC6C24DD80AC00E90BB3 /* PocketDeadlineView.swift */; };
		5DC4BC6F24DDCCFF00E90BB3 /* CheckBox.swift in Sources */ = {isa = PBXBuildFile; fileRef = 5DC4BC6E24DDCCFF00E90BB3 /* CheckBox.swift */; };
		5DCE2FEA24E0282700CFF29A /* PocketDayView.xib in Resources */ = {isa = PBXBuildFile; fileRef = 5DCE2FE924E0282700CFF29A /* PocketDayView.xib */; };
		5DCE2FED24E03AEC00CFF29A /* PocketTagButton.swift in Sources */ = {isa = PBXBuildFile; fileRef = 5DCE2FEC24E03AEC00CFF29A /* PocketTagButton.swift */; };
		D0C4069862CF69EA9619803B /* Pods_rasp_guap.framework in Frameworks */ = {isa = PBXBuildFile; fileRef = FED2C9769F1A697EA5B678E6 /* Pods_rasp_guap.framework */; };
/* End PBXBuildFile section */

/* Begin PBXFileReference section */
		5D0E336224E018FD00B45143 /* PocketDayView.swift */ = {isa = PBXFileReference; lastKnownFileType = sourcecode.swift; path = PocketDayView.swift; sourceTree = "<group>"; };
		5D2640E724E41A4F001A97A2 /* LessonInfoModalViewController.swift */ = {isa = PBXFileReference; lastKnownFileType = sourcecode.swift; path = LessonInfoModalViewController.swift; sourceTree = "<group>"; };
		5D2640E924E41A58001A97A2 /* LessonInfoModalView.swift */ = {isa = PBXFileReference; lastKnownFileType = sourcecode.swift; path = LessonInfoModalView.swift; sourceTree = "<group>"; };
		5D26426824E41C57001A97A2 /* Schedule.User.swift */ = {isa = PBXFileReference; fileEncoding = 4; lastKnownFileType = sourcecode.swift; path = Schedule.User.swift; sourceTree = "<group>"; };
		5D26426924E41C57001A97A2 /* Preps.swift */ = {isa = PBXFileReference; fileEncoding = 4; lastKnownFileType = sourcecode.swift; path = Preps.swift; sourceTree = "<group>"; };
		5D26426A24E41C57001A97A2 /* Timetable.swift */ = {isa = PBXFileReference; fileEncoding = 4; lastKnownFileType = sourcecode.swift; path = Timetable.swift; sourceTree = "<group>"; };
		5D26426B24E41C57001A97A2 /* Grous.swift */ = {isa = PBXFileReference; fileEncoding = 4; lastKnownFileType = sourcecode.swift; path = Grous.swift; sourceTree = "<group>"; };
		5D26426C24E41C57001A97A2 /* Timetable.Lesson.swift */ = {isa = PBXFileReference; fileEncoding = 4; lastKnownFileType = sourcecode.swift; path = Timetable.Lesson.swift; sourceTree = "<group>"; };
		5D26426D24E41C57001A97A2 /* Timetable.JSONLesson.swift */ = {isa = PBXFileReference; fileEncoding = 4; lastKnownFileType = sourcecode.swift; path = Timetable.JSONLesson.swift; sourceTree = "<group>"; };
		5D26426E24E41C57001A97A2 /* Schedule.swift */ = {isa = PBXFileReference; fileEncoding = 4; lastKnownFileType = sourcecode.swift; path = Schedule.swift; sourceTree = "<group>"; };
		5D296EAD24E2E747006AAE13 /* DarkModeDetect.swift */ = {isa = PBXFileReference; lastKnownFileType = sourcecode.swift; path = DarkModeDetect.swift; sourceTree = "<group>"; };
		5D296EB024E2EC11006AAE13 /* PocketFAQCard.swift */ = {isa = PBXFileReference; lastKnownFileType = sourcecode.swift; path = PocketFAQCard.swift; sourceTree = "<group>"; };
		5D2ADF9A24D42407006DACED /* ModalViewController.swift */ = {isa = PBXFileReference; lastKnownFileType = sourcecode.swift; path = ModalViewController.swift; sourceTree = "<group>"; };
		5D2ADF9C24D4242A006DACED /* ModalView.swift */ = {isa = PBXFileReference; lastKnownFileType = sourcecode.swift; path = ModalView.swift; sourceTree = "<group>"; };
		5D2ADF9F24D42663006DACED /* TimetableFilterView.swift */ = {isa = PBXFileReference; lastKnownFileType = sourcecode.swift; path = TimetableFilterView.swift; sourceTree = "<group>"; };
		5D2ADFA524D42817006DACED /* TimetableFilterViewConroller.swift */ = {isa = PBXFileReference; lastKnownFileType = sourcecode.swift; path = TimetableFilterViewConroller.swift; sourceTree = "<group>"; };
		5D3D6C9424E42EA2007CE482 /* MainTabBarController.swift */ = {isa = PBXFileReference; lastKnownFileType = sourcecode.swift; path = MainTabBarController.swift; sourceTree = "<group>"; };
		5D3E08C324D4A51F00DF6DBD /* TutorialScreenView.swift */ = {isa = PBXFileReference; lastKnownFileType = sourcecode.swift; path = TutorialScreenView.swift; sourceTree = "<group>"; };
		5D3E08C524D4A53400DF6DBD /* TutorialScreenViewController.swift */ = {isa = PBXFileReference; lastKnownFileType = sourcecode.swift; path = TutorialScreenViewController.swift; sourceTree = "<group>"; };
		5D74FE2324E0993700FC38B8 /* NibView.swift */ = {isa = PBXFileReference; lastKnownFileType = sourcecode.swift; path = NibView.swift; sourceTree = "<group>"; };
		5D74FE2824E13E5B00FC38B8 /* TimetableViewController.swift */ = {isa = PBXFileReference; lastKnownFileType = sourcecode.swift; path = TimetableViewController.swift; sourceTree = "<group>"; };
		5D74FE2A24E13FBF00FC38B8 /* TimetableLessonCell.swift */ = {isa = PBXFileReference; lastKnownFileType = sourcecode.swift; path = TimetableLessonCell.swift; sourceTree = "<group>"; };
		5D7DF85724D42FC400CCD0AE /* CornerRadius.swift */ = {isa = PBXFileReference; lastKnownFileType = sourcecode.swift; path = CornerRadius.swift; sourceTree = "<group>"; };
		5D7DF85B24D46B0E00CCD0AE /* Button.swift */ = {isa = PBXFileReference; lastKnownFileType = sourcecode.swift; path = Button.swift; sourceTree = "<group>"; };
		5D95A61C24D412AB000418B5 /* SUAI Pocket.app */ = {isa = PBXFileReference; explicitFileType = wrapper.application; includeInIndex = 0; path = "SUAI Pocket.app"; sourceTree = BUILT_PRODUCTS_DIR; };
		5D95A61F24D412AB000418B5 /* AppDelegate.swift */ = {isa = PBXFileReference; lastKnownFileType = sourcecode.swift; path = AppDelegate.swift; sourceTree = "<group>"; };
		5D95A62924D412AB000418B5 /* View.swift */ = {isa = PBXFileReference; lastKnownFileType = sourcecode.swift; path = View.swift; sourceTree = "<group>"; };
		5D95A62B24D412AB000418B5 /* ViewController.swift */ = {isa = PBXFileReference; lastKnownFileType = sourcecode.swift; path = ViewController.swift; sourceTree = "<group>"; };
		5D95A63424D412AB000418B5 /* rasp_guap.xcdatamodel */ = {isa = PBXFileReference; lastKnownFileType = wrapper.xcdatamodel; path = rasp_guap.xcdatamodel; sourceTree = "<group>"; };
		5D95A63624D412AC000418B5 /* Assets.xcassets */ = {isa = PBXFileReference; lastKnownFileType = folder.assetcatalog; path = Assets.xcassets; sourceTree = "<group>"; };
		5D95A63924D412AC000418B5 /* Base */ = {isa = PBXFileReference; lastKnownFileType = file.storyboard; name = Base; path = Base.lproj/LaunchScreen.storyboard; sourceTree = "<group>"; };
		5D95A63B24D412AC000418B5 /* Info.plist */ = {isa = PBXFileReference; lastKnownFileType = text.plist.xml; path = Info.plist; sourceTree = "<group>"; };
		5D99B21624DD58CF00D6C648 /* TTCommons-LightItalic.ttf */ = {isa = PBXFileReference; lastKnownFileType = file; path = "TTCommons-LightItalic.ttf"; sourceTree = "<group>"; };
		5D99B21724DD58CF00D6C648 /* TTCommons-MediumItalic.ttf */ = {isa = PBXFileReference; lastKnownFileType = file; path = "TTCommons-MediumItalic.ttf"; sourceTree = "<group>"; };
		5D99B21824DD58CF00D6C648 /* TTCommons-Regular.ttf */ = {isa = PBXFileReference; lastKnownFileType = file; path = "TTCommons-Regular.ttf"; sourceTree = "<group>"; };
		5D99B21924DD58CF00D6C648 /* TTCommons-Bold.ttf */ = {isa = PBXFileReference; lastKnownFileType = file; path = "TTCommons-Bold.ttf"; sourceTree = "<group>"; };
		5D99B21A24DD58CF00D6C648 /* TTCommons-BoldItalic.ttf */ = {isa = PBXFileReference; lastKnownFileType = file; path = "TTCommons-BoldItalic.ttf"; sourceTree = "<group>"; };
		5D99B21B24DD58CF00D6C648 /* TTCommons-Medium.ttf */ = {isa = PBXFileReference; lastKnownFileType = file; path = "TTCommons-Medium.ttf"; sourceTree = "<group>"; };
		5D99B21C24DD58CF00D6C648 /* TTCommons-Italic.ttf */ = {isa = PBXFileReference; lastKnownFileType = file; path = "TTCommons-Italic.ttf"; sourceTree = "<group>"; };
		5D99B21D24DD58CF00D6C648 /* TTCommons-DemiBoldItalic.ttf */ = {isa = PBXFileReference; lastKnownFileType = file; path = "TTCommons-DemiBoldItalic.ttf"; sourceTree = "<group>"; };
		5D99B21E24DD58CF00D6C648 /* TTCommons-DemiBold.ttf */ = {isa = PBXFileReference; lastKnownFileType = file; path = "TTCommons-DemiBold.ttf"; sourceTree = "<group>"; };
		5D99B21F24DD58CF00D6C648 /* TTCommons-Light.ttf */ = {isa = PBXFileReference; lastKnownFileType = file; path = "TTCommons-Light.ttf"; sourceTree = "<group>"; };
		5D99B23C24DD600900D6C648 /* SFProDisplay-BlackItalic.ttf */ = {isa = PBXFileReference; lastKnownFileType = file; path = "SFProDisplay-BlackItalic.ttf"; sourceTree = "<group>"; };
		5D99B23D24DD600900D6C648 /* SFProDisplay-Black.ttf */ = {isa = PBXFileReference; lastKnownFileType = file; path = "SFProDisplay-Black.ttf"; sourceTree = "<group>"; };
		5D99B23E24DD600900D6C648 /* SFProDisplay-UltralightItalic.ttf */ = {isa = PBXFileReference; lastKnownFileType = file; path = "SFProDisplay-UltralightItalic.ttf"; sourceTree = "<group>"; };
		5D99B23F24DD600900D6C648 /* SFProDisplay-LightItalic.ttf */ = {isa = PBXFileReference; lastKnownFileType = file; path = "SFProDisplay-LightItalic.ttf"; sourceTree = "<group>"; };
		5D99B24024DD600900D6C648 /* SFProDisplay-Medium.ttf */ = {isa = PBXFileReference; lastKnownFileType = file; path = "SFProDisplay-Medium.ttf"; sourceTree = "<group>"; };
		5D99B24124DD600900D6C648 /* SFProDisplay-Regular.ttf */ = {isa = PBXFileReference; lastKnownFileType = file; path = "SFProDisplay-Regular.ttf"; sourceTree = "<group>"; };
		5D99B24224DD600900D6C648 /* SFProDisplay-Ultralight.ttf */ = {isa = PBXFileReference; lastKnownFileType = file; path = "SFProDisplay-Ultralight.ttf"; sourceTree = "<group>"; };
		5D99B24324DD600900D6C648 /* SFProDisplay-Semibold.ttf */ = {isa = PBXFileReference; lastKnownFileType = file; path = "SFProDisplay-Semibold.ttf"; sourceTree = "<group>"; };
		5D99B24424DD600900D6C648 /* SFProDisplay-MediumItalic.ttf */ = {isa = PBXFileReference; lastKnownFileType = file; path = "SFProDisplay-MediumItalic.ttf"; sourceTree = "<group>"; };
		5D99B24524DD600900D6C648 /* SFProDisplay-Bold.ttf */ = {isa = PBXFileReference; lastKnownFileType = file; path = "SFProDisplay-Bold.ttf"; sourceTree = "<group>"; };
		5D99B24624DD600900D6C648 /* SFProDisplay-Thin.ttf */ = {isa = PBXFileReference; lastKnownFileType = file; path = "SFProDisplay-Thin.ttf"; sourceTree = "<group>"; };
		5D99B24724DD600900D6C648 /* SFProDisplay-ThinItalic.ttf */ = {isa = PBXFileReference; lastKnownFileType = file; path = "SFProDisplay-ThinItalic.ttf"; sourceTree = "<group>"; };
		5D99B24824DD600900D6C648 /* SFProDisplay-RegularItalic.ttf */ = {isa = PBXFileReference; lastKnownFileType = file; path = "SFProDisplay-RegularItalic.ttf"; sourceTree = "<group>"; };
		5D99B24924DD600900D6C648 /* SFProDisplay-HeavyItalic.ttf */ = {isa = PBXFileReference; lastKnownFileType = file; path = "SFProDisplay-HeavyItalic.ttf"; sourceTree = "<group>"; };
		5D99B24A24DD600900D6C648 /* SFProDisplay-Heavy.ttf */ = {isa = PBXFileReference; lastKnownFileType = file; path = "SFProDisplay-Heavy.ttf"; sourceTree = "<group>"; };
		5D99B24B24DD600900D6C648 /* SFProDisplay-BoldItalic.ttf */ = {isa = PBXFileReference; lastKnownFileType = file; path = "SFProDisplay-BoldItalic.ttf"; sourceTree = "<group>"; };
		5D99B24C24DD600900D6C648 /* SFProDisplay-SemiboldItalic.ttf */ = {isa = PBXFileReference; lastKnownFileType = file; path = "SFProDisplay-SemiboldItalic.ttf"; sourceTree = "<group>"; };
		5D99B24D24DD600900D6C648 /* SFProDisplay-Light.ttf */ = {isa = PBXFileReference; lastKnownFileType = file; path = "SFProDisplay-Light.ttf"; sourceTree = "<group>"; };
		5DA10F3B24DB28EB00D09BD8 /* PagedViewDelegate.swift */ = {isa = PBXFileReference; lastKnownFileType = sourcecode.swift; path = PagedViewDelegate.swift; sourceTree = "<group>"; };
		5DA10F3E24DB452600D09BD8 /* BackgroundElipse.swift */ = {isa = PBXFileReference; lastKnownFileType = sourcecode.swift; path = BackgroundElipse.swift; sourceTree = "<group>"; };
		5DA10F4024DB497700D09BD8 /* DegreesToRadiansConvertion.swift */ = {isa = PBXFileReference; lastKnownFileType = sourcecode.swift; path = DegreesToRadiansConvertion.swift; sourceTree = "<group>"; };
		5DA10F4824DB556A00D09BD8 /* FirstPageView.swift */ = {isa = PBXFileReference; lastKnownFileType = sourcecode.swift; path = FirstPageView.swift; sourceTree = "<group>"; };
		5DA10F4C24DBFE3C00D09BD8 /* FirstPageViewController.swift */ = {isa = PBXFileReference; lastKnownFileType = sourcecode.swift; path = FirstPageViewController.swift; sourceTree = "<group>"; };
		5DA10F4E24DC1A7700D09BD8 /* FirstTutorialPageSkipDelegate.swift */ = {isa = PBXFileReference; lastKnownFileType = sourcecode.swift; path = FirstTutorialPageSkipDelegate.swift; sourceTree = "<group>"; };
		5DA10F6824DC2ED900D09BD8 /* Assets.swift */ = {isa = PBXFileReference; fileEncoding = 4; lastKnownFileType = sourcecode.swift; path = Assets.swift; sourceTree = "<group>"; };
		5DA10F6A24DC2EE600D09BD8 /* Fonts.swift */ = {isa = PBXFileReference; fileEncoding = 4; lastKnownFileType = sourcecode.swift; path = Fonts.swift; sourceTree = "<group>"; };
		5DA10F6C24DC412600D09BD8 /* SecondPageView.swift */ = {isa = PBXFileReference; lastKnownFileType = sourcecode.swift; path = SecondPageView.swift; sourceTree = "<group>"; };
		5DA10F7024DC41D300D09BD8 /* TutorialPageTemplate.swift */ = {isa = PBXFileReference; lastKnownFileType = sourcecode.swift; path = TutorialPageTemplate.swift; sourceTree = "<group>"; };
		5DA10F7324DC4FB300D09BD8 /* ThirdPageView.swift */ = {isa = PBXFileReference; lastKnownFileType = sourcecode.swift; path = ThirdPageView.swift; sourceTree = "<group>"; };
		5DA10F7724DC58A900D09BD8 /* FourthPageView.swift */ = {isa = PBXFileReference; lastKnownFileType = sourcecode.swift; path = FourthPageView.swift; sourceTree = "<group>"; };
		5DA10F7924DC58B300D09BD8 /* FifthPageView.swift */ = {isa = PBXFileReference; lastKnownFileType = sourcecode.swift; path = FifthPageView.swift; sourceTree = "<group>"; };
		5DA10F7D24DC5D7D00D09BD8 /* GroupSelectPage.swift */ = {isa = PBXFileReference; lastKnownFileType = sourcecode.swift; path = GroupSelectPage.swift; sourceTree = "<group>"; };
		5DA10F7F24DC5DF400D09BD8 /* GroupSelectPageViewController.swift */ = {isa = PBXFileReference; lastKnownFileType = sourcecode.swift; path = GroupSelectPageViewController.swift; sourceTree = "<group>"; };
		5DA10F8124DC5EBE00D09BD8 /* swiftgen.yml */ = {isa = PBXFileReference; fileEncoding = 4; lastKnownFileType = text.yaml; path = swiftgen.yml; sourceTree = "<group>"; };
		5DA10F8424DC7B2800D09BD8 /* SecondPageViewController.swift */ = {isa = PBXFileReference; lastKnownFileType = sourcecode.swift; path = SecondPageViewController.swift; sourceTree = "<group>"; };
		5DA10F8624DC7B3300D09BD8 /* ThirdPageViewController.swift */ = {isa = PBXFileReference; lastKnownFileType = sourcecode.swift; path = ThirdPageViewController.swift; sourceTree = "<group>"; };
		5DA10F8824DC7B3E00D09BD8 /* FourthPageViewController.swift */ = {isa = PBXFileReference; lastKnownFileType = sourcecode.swift; path = FourthPageViewController.swift; sourceTree = "<group>"; };
		5DA10F8A24DC7B4900D09BD8 /* FifthPageViewController.swift */ = {isa = PBXFileReference; lastKnownFileType = sourcecode.swift; path = FifthPageViewController.swift; sourceTree = "<group>"; };
		5DA10F8D24DC7D6500D09BD8 /* PocketDivView.swift */ = {isa = PBXFileReference; lastKnownFileType = sourcecode.swift; path = PocketDivView.swift; sourceTree = "<group>"; };
		5DA10F9024DCACE800D09BD8 /* PocketNewsView.swift */ = {isa = PBXFileReference; lastKnownFileType = sourcecode.swift; path = PocketNewsView.swift; sourceTree = "<group>"; };
		5DA7DD3624D4B8FB00176157 /* PagedView.swift */ = {isa = PBXFileReference; lastKnownFileType = sourcecode.swift; path = PagedView.swift; sourceTree = "<group>"; };
		5DC4BC6C24DD80AC00E90BB3 /* PocketDeadlineView.swift */ = {isa = PBXFileReference; lastKnownFileType = sourcecode.swift; path = PocketDeadlineView.swift; sourceTree = "<group>"; };
		5DC4BC6E24DDCCFF00E90BB3 /* CheckBox.swift */ = {isa = PBXFileReference; lastKnownFileType = sourcecode.swift; path = CheckBox.swift; sourceTree = "<group>"; };
		5DCE2FE924E0282700CFF29A /* PocketDayView.xib */ = {isa = PBXFileReference; lastKnownFileType = file.xib; path = PocketDayView.xib; sourceTree = "<group>"; };
		5DCE2FEC24E03AEC00CFF29A /* PocketTagButton.swift */ = {isa = PBXFileReference; lastKnownFileType = sourcecode.swift; path = PocketTagButton.swift; sourceTree = "<group>"; };
		6D74A57EA11B09DCA279D291 /* Pods-rasp.guap.release.xcconfig */ = {isa = PBXFileReference; includeInIndex = 1; lastKnownFileType = text.xcconfig; name = "Pods-rasp.guap.release.xcconfig"; path = "Target Support Files/Pods-rasp.guap/Pods-rasp.guap.release.xcconfig"; sourceTree = "<group>"; };
		71877CC64B93F636D05D788C /* Pods-rasp.guap.debug.xcconfig */ = {isa = PBXFileReference; includeInIndex = 1; lastKnownFileType = text.xcconfig; name = "Pods-rasp.guap.debug.xcconfig"; path = "Target Support Files/Pods-rasp.guap/Pods-rasp.guap.debug.xcconfig"; sourceTree = "<group>"; };
		FED2C9769F1A697EA5B678E6 /* Pods_rasp_guap.framework */ = {isa = PBXFileReference; explicitFileType = wrapper.framework; includeInIndex = 0; path = Pods_rasp_guap.framework; sourceTree = BUILT_PRODUCTS_DIR; };
/* End PBXFileReference section */

/* Begin PBXFrameworksBuildPhase section */
		5D95A61924D412AB000418B5 /* Frameworks */ = {
			isa = PBXFrameworksBuildPhase;
			buildActionMask = 2147483647;
			files = (
				D0C4069862CF69EA9619803B /* Pods_rasp_guap.framework in Frameworks */,
			);
			runOnlyForDeploymentPostprocessing = 0;
		};
/* End PBXFrameworksBuildPhase section */

/* Begin PBXGroup section */
		2612D29CDE1D426FAFFD5273 /* Frameworks */ = {
			isa = PBXGroup;
			children = (
				FED2C9769F1A697EA5B678E6 /* Pods_rasp_guap.framework */,
			);
			name = Frameworks;
			sourceTree = "<group>";
		};
		5D0E335424DF2FA600B45143 /* Pages */ = {
			isa = PBXGroup;
			children = (
				5DA10F4224DB541900D09BD8 /* FirstPage */,
				5DA10F4324DB542400D09BD8 /* SecondPage */,
				5DA10F4424DB543800D09BD8 /* ThirdPage */,
				5DA10F4524DB544700D09BD8 /* FourthPage */,
				5DA10F4624DB544E00D09BD8 /* FifthPage */,
				5DA10F4724DB546800D09BD8 /* GroupSelectPage */,
			);
			path = Pages;
			sourceTree = "<group>";
		};
		5D0E335524E0103900B45143 /* PocketDay */ = {
			isa = PBXGroup;
			children = (
				5D0E336224E018FD00B45143 /* PocketDayView.swift */,
				5DCE2FE924E0282700CFF29A /* PocketDayView.xib */,
			);
			path = PocketDay;
			sourceTree = "<group>";
		};
		5D2640E624E41A29001A97A2 /* LessonInfoModalVC */ = {
			isa = PBXGroup;
			children = (
				5D2640E724E41A4F001A97A2 /* LessonInfoModalViewController.swift */,
				5D2640E924E41A58001A97A2 /* LessonInfoModalView.swift */,
			);
			path = LessonInfoModalVC;
			sourceTree = "<group>";
		};
		5D296EAF24E2EBE9006AAE13 /* PocketFAQCard */ = {
			isa = PBXGroup;
			children = (
				5D296EB024E2EC11006AAE13 /* PocketFAQCard.swift */,
			);
			path = PocketFAQCard;
			sourceTree = "<group>";
		};
		5D2ADF9924D423D8006DACED /* ModalViewController */ = {
			isa = PBXGroup;
			children = (
				5D2ADF9A24D42407006DACED /* ModalViewController.swift */,
				5D2ADF9C24D4242A006DACED /* ModalView.swift */,
			);
			path = ModalViewController;
			sourceTree = "<group>";
		};
		5D2ADF9E24D425C3006DACED /* TimetableFilterModalVC */ = {
			isa = PBXGroup;
			children = (
				5D2ADF9F24D42663006DACED /* TimetableFilterView.swift */,
				5D2ADFA524D42817006DACED /* TimetableFilterViewConroller.swift */,
			);
			path = TimetableFilterModalVC;
			sourceTree = "<group>";
		};
		5D2ADFA724D42918006DACED /* Extensions */ = {
			isa = PBXGroup;
			children = (
				5DA10F4024DB497700D09BD8 /* DegreesToRadiansConvertion.swift */,
				5D296EAD24E2E747006AAE13 /* DarkModeDetect.swift */,
			);
			path = Extensions;
			sourceTree = "<group>";
		};
		5D2ADFA824D42939006DACED /* Constants */ = {
			isa = PBXGroup;
			children = (
				5DA10F6A24DC2EE600D09BD8 /* Fonts.swift */,
				5DA10F6824DC2ED900D09BD8 /* Assets.swift */,
				5D7DF85724D42FC400CCD0AE /* CornerRadius.swift */,
			);
			path = Constants;
			sourceTree = "<group>";
		};
		5D3D6C9324E42E6E007CE482 /* MainTabBar */ = {
			isa = PBXGroup;
			children = (
				5D3D6C9424E42EA2007CE482 /* MainTabBarController.swift */,
			);
			path = MainTabBar;
			sourceTree = "<group>";
		};
		5D3D6C9624E42F31007CE482 /* FeedTabPage */ = {
			isa = PBXGroup;
			children = (
			);
			path = FeedTabPage;
			sourceTree = "<group>";
		};
		5D3D6C9724E42F4D007CE482 /* DeadlinesTabPage */ = {
			isa = PBXGroup;
			children = (
			);
			path = DeadlinesTabPage;
			sourceTree = "<group>";
		};
		5D3D6C9824E42F5C007CE482 /* ScheduleTabPage */ = {
			isa = PBXGroup;
			children = (
				5D2ADF9E24D425C3006DACED /* TimetableFilterModalVC */,
				5D2640E624E41A29001A97A2 /* LessonInfoModalVC */,
			);
			path = ScheduleTabPage;
			sourceTree = "<group>";
		};
		5D3D6C9924E42F77007CE482 /* InfoTabPage */ = {
			isa = PBXGroup;
			children = (
			);
			path = InfoTabPage;
			sourceTree = "<group>";
		};
		5D3D6C9A24E42F82007CE482 /* SettingsTabPage */ = {
			isa = PBXGroup;
			children = (
			);
			path = SettingsTabPage;
			sourceTree = "<group>";
		};
		5D3D6C9C24E42F99007CE482 /* TabBarPages */ = {
			isa = PBXGroup;
			children = (
				5D3D6C9A24E42F82007CE482 /* SettingsTabPage */,
				5D3D6C9924E42F77007CE482 /* InfoTabPage */,
				5D3D6C9824E42F5C007CE482 /* ScheduleTabPage */,
				5D3D6C9724E42F4D007CE482 /* DeadlinesTabPage */,
				5D3D6C9624E42F31007CE482 /* FeedTabPage */,
			);
			path = TabBarPages;
			sourceTree = "<group>";
		};
		5D3E08C224D4A4F100DF6DBD /* TutuorialScreen */ = {
			isa = PBXGroup;
			children = (
				5D3E08C324D4A51F00DF6DBD /* TutorialScreenView.swift */,
				5D3E08C524D4A53400DF6DBD /* TutorialScreenViewController.swift */,
			);
			path = TutuorialScreen;
			sourceTree = "<group>";
		};
		5D633A0424DB1AA700ACE561 /* Tutorial */ = {
			isa = PBXGroup;
			children = (
				5D0E335424DF2FA600B45143 /* Pages */,
				5D3E08C224D4A4F100DF6DBD /* TutuorialScreen */,
				5DA10F3D24DB44F200D09BD8 /* UIComponents */,
			);
			path = Tutorial;
			sourceTree = "<group>";
		};
		5D633A0524DB1ACB00ACE561 /* Main App */ = {
			isa = PBXGroup;
			children = (
				5D3D6C9C24E42F99007CE482 /* TabBarPages */,
				5D3D6C9324E42E6E007CE482 /* MainTabBar */,
				5D74FE2524E13E3700FC38B8 /* TimetableController */,
			);
			path = "Main App";
			sourceTree = "<group>";
		};
		5D74FE2524E13E3700FC38B8 /* TimetableController */ = {
			isa = PBXGroup;
			children = (
				5D74FE2824E13E5B00FC38B8 /* TimetableViewController.swift */,
				5D74FE2A24E13FBF00FC38B8 /* TimetableLessonCell.swift */,
			);
			path = TimetableController;
			sourceTree = "<group>";
		};
		5D95A61324D412AB000418B5 = {
			isa = PBXGroup;
			children = (
				5D95A61E24D412AB000418B5 /* rasp.guap */,
				5D95A61D24D412AB000418B5 /* Products */,
				A235ABA9F81984ED9F89B1AE /* Pods */,
				2612D29CDE1D426FAFFD5273 /* Frameworks */,
			);
			sourceTree = "<group>";
		};
		5D95A61D24D412AB000418B5 /* Products */ = {
			isa = PBXGroup;
			children = (
				5D95A61C24D412AB000418B5 /* SUAI Pocket.app */,
			);
			name = Products;
			sourceTree = "<group>";
		};
		5D95A61E24D412AB000418B5 /* rasp.guap */ = {
			isa = PBXGroup;
			children = (
				5DB9C5CC24E405770001F56C /* API */,
				5D95A63624D412AC000418B5 /* Assets.xcassets */,
				5DA10F5224DC25D500D09BD8 /* Resources */,
				5D95A61F24D412AB000418B5 /* AppDelegate.swift */,
				5D2ADFA724D42918006DACED /* Extensions */,
				5D2ADFA824D42939006DACED /* Constants */,
				5D95A62124D412AB000418B5 /* Modules */,
				5D95A62724D412AB000418B5 /* UIComponents */,
				5D95A63824D412AC000418B5 /* LaunchScreen.storyboard */,
				5D95A63B24D412AC000418B5 /* Info.plist */,
				5DA10F8124DC5EBE00D09BD8 /* swiftgen.yml */,
				5D95A63324D412AB000418B5 /* rasp_guap.xcdatamodeld */,
			);
			path = rasp.guap;
			sourceTree = "<group>";
		};
		5D95A62124D412AB000418B5 /* Modules */ = {
			isa = PBXGroup;
			children = (
				5D633A0424DB1AA700ACE561 /* Tutorial */,
				5D633A0524DB1ACB00ACE561 /* Main App */,
			);
			path = Modules;
			sourceTree = "<group>";
		};
		5D95A62724D412AB000418B5 /* UIComponents */ = {
			isa = PBXGroup;
			children = (
				5D296EAF24E2EBE9006AAE13 /* PocketFAQCard */,
				5DCE2FEB24E03ACF00CFF29A /* PocketTag */,
				5D0E335524E0103900B45143 /* PocketDay */,
				5DC4BC6B24DD808800E90BB3 /* PocketDeadline */,
				5DA10F8F24DCACCF00D09BD8 /* PocketNews */,
				5DA10F8C24DC7D5200D09BD8 /* PocketDiv */,
				5DA10F8324DC792B00D09BD8 /* Basic */,
				5DA7DD3524D4B8EA00176157 /* PagedView */,
				5D2ADF9924D423D8006DACED /* ModalViewController */,
				5D95A62824D412AB000418B5 /* ModuleComponents */,
			);
			path = UIComponents;
			sourceTree = "<group>";
		};
		5D95A62824D412AB000418B5 /* ModuleComponents */ = {
			isa = PBXGroup;
			children = (
				5D95A62924D412AB000418B5 /* View.swift */,
				5D95A62B24D412AB000418B5 /* ViewController.swift */,
				5D74FE2324E0993700FC38B8 /* NibView.swift */,
			);
			path = ModuleComponents;
			sourceTree = "<group>";
		};
		5D99B20224DD58CF00D6C648 /* SF Pro */ = {
			isa = PBXGroup;
			children = (
				5D99B23D24DD600900D6C648 /* SFProDisplay-Black.ttf */,
				5D99B23C24DD600900D6C648 /* SFProDisplay-BlackItalic.ttf */,
				5D99B24524DD600900D6C648 /* SFProDisplay-Bold.ttf */,
				5D99B24B24DD600900D6C648 /* SFProDisplay-BoldItalic.ttf */,
				5D99B24A24DD600900D6C648 /* SFProDisplay-Heavy.ttf */,
				5D99B24924DD600900D6C648 /* SFProDisplay-HeavyItalic.ttf */,
				5D99B24D24DD600900D6C648 /* SFProDisplay-Light.ttf */,
				5D99B23F24DD600900D6C648 /* SFProDisplay-LightItalic.ttf */,
				5D99B24024DD600900D6C648 /* SFProDisplay-Medium.ttf */,
				5D99B24424DD600900D6C648 /* SFProDisplay-MediumItalic.ttf */,
				5D99B24124DD600900D6C648 /* SFProDisplay-Regular.ttf */,
				5D99B24824DD600900D6C648 /* SFProDisplay-RegularItalic.ttf */,
				5D99B24324DD600900D6C648 /* SFProDisplay-Semibold.ttf */,
				5D99B24C24DD600900D6C648 /* SFProDisplay-SemiboldItalic.ttf */,
				5D99B24624DD600900D6C648 /* SFProDisplay-Thin.ttf */,
				5D99B24724DD600900D6C648 /* SFProDisplay-ThinItalic.ttf */,
				5D99B24224DD600900D6C648 /* SFProDisplay-Ultralight.ttf */,
				5D99B23E24DD600900D6C648 /* SFProDisplay-UltralightItalic.ttf */,
			);
			path = "SF Pro";
			sourceTree = "<group>";
		};
		5D99B21524DD58CF00D6C648 /* TT Commons */ = {
			isa = PBXGroup;
			children = (
				5D99B21624DD58CF00D6C648 /* TTCommons-LightItalic.ttf */,
				5D99B21724DD58CF00D6C648 /* TTCommons-MediumItalic.ttf */,
				5D99B21824DD58CF00D6C648 /* TTCommons-Regular.ttf */,
				5D99B21924DD58CF00D6C648 /* TTCommons-Bold.ttf */,
				5D99B21A24DD58CF00D6C648 /* TTCommons-BoldItalic.ttf */,
				5D99B21B24DD58CF00D6C648 /* TTCommons-Medium.ttf */,
				5D99B21C24DD58CF00D6C648 /* TTCommons-Italic.ttf */,
				5D99B21D24DD58CF00D6C648 /* TTCommons-DemiBoldItalic.ttf */,
				5D99B21E24DD58CF00D6C648 /* TTCommons-DemiBold.ttf */,
				5D99B21F24DD58CF00D6C648 /* TTCommons-Light.ttf */,
			);
			path = "TT Commons";
			sourceTree = "<group>";
		};
		5DA10F3D24DB44F200D09BD8 /* UIComponents */ = {
			isa = PBXGroup;
			children = (
				5DA10F3E24DB452600D09BD8 /* BackgroundElipse.swift */,
				5DA10F7024DC41D300D09BD8 /* TutorialPageTemplate.swift */,
			);
			path = UIComponents;
			sourceTree = "<group>";
		};
		5DA10F4224DB541900D09BD8 /* FirstPage */ = {
			isa = PBXGroup;
			children = (
				5DA10F4824DB556A00D09BD8 /* FirstPageView.swift */,
				5DA10F4C24DBFE3C00D09BD8 /* FirstPageViewController.swift */,
				5DA10F4E24DC1A7700D09BD8 /* FirstTutorialPageSkipDelegate.swift */,
			);
			path = FirstPage;
			sourceTree = "<group>";
		};
		5DA10F4324DB542400D09BD8 /* SecondPage */ = {
			isa = PBXGroup;
			children = (
				5DA10F6C24DC412600D09BD8 /* SecondPageView.swift */,
				5DA10F8424DC7B2800D09BD8 /* SecondPageViewController.swift */,
			);
			path = SecondPage;
			sourceTree = "<group>";
		};
		5DA10F4424DB543800D09BD8 /* ThirdPage */ = {
			isa = PBXGroup;
			children = (
				5DA10F7324DC4FB300D09BD8 /* ThirdPageView.swift */,
				5DA10F8624DC7B3300D09BD8 /* ThirdPageViewController.swift */,
			);
			path = ThirdPage;
			sourceTree = "<group>";
		};
		5DA10F4524DB544700D09BD8 /* FourthPage */ = {
			isa = PBXGroup;
			children = (
				5DA10F7724DC58A900D09BD8 /* FourthPageView.swift */,
				5DA10F8824DC7B3E00D09BD8 /* FourthPageViewController.swift */,
			);
			path = FourthPage;
			sourceTree = "<group>";
		};
		5DA10F4624DB544E00D09BD8 /* FifthPage */ = {
			isa = PBXGroup;
			children = (
				5DA10F7924DC58B300D09BD8 /* FifthPageView.swift */,
				5DA10F8A24DC7B4900D09BD8 /* FifthPageViewController.swift */,
			);
			path = FifthPage;
			sourceTree = "<group>";
		};
		5DA10F4724DB546800D09BD8 /* GroupSelectPage */ = {
			isa = PBXGroup;
			children = (
				5DA10F7D24DC5D7D00D09BD8 /* GroupSelectPage.swift */,
				5DA10F7F24DC5DF400D09BD8 /* GroupSelectPageViewController.swift */,
			);
			path = GroupSelectPage;
			sourceTree = "<group>";
		};
		5DA10F5224DC25D500D09BD8 /* Resources */ = {
			isa = PBXGroup;
			children = (
				5DA10F5324DC25DE00D09BD8 /* Fonts */,
			);
			path = Resources;
			sourceTree = "<group>";
		};
		5DA10F5324DC25DE00D09BD8 /* Fonts */ = {
			isa = PBXGroup;
			children = (
				5D99B20224DD58CF00D6C648 /* SF Pro */,
				5D99B21524DD58CF00D6C648 /* TT Commons */,
			);
			path = Fonts;
			sourceTree = "<group>";
		};
		5DA10F8324DC792B00D09BD8 /* Basic */ = {
			isa = PBXGroup;
			children = (
				5D7DF85B24D46B0E00CCD0AE /* Button.swift */,
				5DC4BC6E24DDCCFF00E90BB3 /* CheckBox.swift */,
			);
			path = Basic;
			sourceTree = "<group>";
		};
		5DA10F8C24DC7D5200D09BD8 /* PocketDiv */ = {
			isa = PBXGroup;
			children = (
				5DA10F8D24DC7D6500D09BD8 /* PocketDivView.swift */,
			);
			path = PocketDiv;
			sourceTree = "<group>";
		};
		5DA10F8F24DCACCF00D09BD8 /* PocketNews */ = {
			isa = PBXGroup;
			children = (
				5DA10F9024DCACE800D09BD8 /* PocketNewsView.swift */,
			);
			path = PocketNews;
			sourceTree = "<group>";
		};
		5DA7DD3524D4B8EA00176157 /* PagedView */ = {
			isa = PBXGroup;
			children = (
				5DA7DD3624D4B8FB00176157 /* PagedView.swift */,
				5DA10F3B24DB28EB00D09BD8 /* PagedViewDelegate.swift */,
			);
			path = PagedView;
			sourceTree = "<group>";
		};
		5DB9C5CC24E405770001F56C /* API */ = {
			isa = PBXGroup;
			children = (
				5DB9C5D524E405CE0001F56C /* Pocket */,
				5DB9C5CD24E4059A0001F56C /* Schedule */,
			);
			path = API;
			sourceTree = "<group>";
		};
		5DB9C5CD24E4059A0001F56C /* Schedule */ = {
			isa = PBXGroup;
			children = (
				5D26426B24E41C57001A97A2 /* Grous.swift */,
				5D26426924E41C57001A97A2 /* Preps.swift */,
				5D26426E24E41C57001A97A2 /* Schedule.swift */,
				5D26426824E41C57001A97A2 /* Schedule.User.swift */,
				5D26426D24E41C57001A97A2 /* Timetable.JSONLesson.swift */,
				5D26426C24E41C57001A97A2 /* Timetable.Lesson.swift */,
				5D26426A24E41C57001A97A2 /* Timetable.swift */,
			);
			path = Schedule;
			sourceTree = "<group>";
		};
		5DB9C5D524E405CE0001F56C /* Pocket */ = {
			isa = PBXGroup;
			children = (
			);
			path = Pocket;
			sourceTree = "<group>";
		};
		5DC4BC6B24DD808800E90BB3 /* PocketDeadline */ = {
			isa = PBXGroup;
			children = (
				5DC4BC6C24DD80AC00E90BB3 /* PocketDeadlineView.swift */,
			);
			path = PocketDeadline;
			sourceTree = "<group>";
		};
		5DCE2FEB24E03ACF00CFF29A /* PocketTag */ = {
			isa = PBXGroup;
			children = (
				5DCE2FEC24E03AEC00CFF29A /* PocketTagButton.swift */,
			);
			path = PocketTag;
			sourceTree = "<group>";
		};
		A235ABA9F81984ED9F89B1AE /* Pods */ = {
			isa = PBXGroup;
			children = (
				71877CC64B93F636D05D788C /* Pods-rasp.guap.debug.xcconfig */,
				6D74A57EA11B09DCA279D291 /* Pods-rasp.guap.release.xcconfig */,
			);
			path = Pods;
			sourceTree = "<group>";
		};
/* End PBXGroup section */

/* Begin PBXNativeTarget section */
		5D95A61B24D412AB000418B5 /* rasp.guap */ = {
			isa = PBXNativeTarget;
			buildConfigurationList = 5D95A63E24D412AC000418B5 /* Build configuration list for PBXNativeTarget "rasp.guap" */;
			buildPhases = (
				026171D9DAFEDFA3E8078B37 /* [CP] Check Pods Manifest.lock */,
				5DA10F7224DC458D00D09BD8 /* ShellScript */,
				5D95A61824D412AB000418B5 /* Sources */,
				5D95A61924D412AB000418B5 /* Frameworks */,
				5D95A61A24D412AB000418B5 /* Resources */,
				788A4287CF2100560709D7E6 /* [CP] Embed Pods Frameworks */,
			);
			buildRules = (
			);
			dependencies = (
			);
			name = rasp.guap;
			productName = rasp.guap;
			productReference = 5D95A61C24D412AB000418B5 /* SUAI Pocket.app */;
			productType = "com.apple.product-type.application";
		};
/* End PBXNativeTarget section */

/* Begin PBXProject section */
		5D95A61424D412AB000418B5 /* Project object */ = {
			isa = PBXProject;
			attributes = {
				LastSwiftUpdateCheck = 1160;
				LastUpgradeCheck = 1160;
				ORGANIZATIONNAME = "Kovalev K.A.";
				TargetAttributes = {
					5D95A61B24D412AB000418B5 = {
						CreatedOnToolsVersion = 11.6;
					};
				};
			};
			buildConfigurationList = 5D95A61724D412AB000418B5 /* Build configuration list for PBXProject "rasp.guap" */;
			compatibilityVersion = "Xcode 9.3";
			developmentRegion = en;
			hasScannedForEncodings = 0;
			knownRegions = (
				en,
				Base,
			);
			mainGroup = 5D95A61324D412AB000418B5;
			productRefGroup = 5D95A61D24D412AB000418B5 /* Products */;
			projectDirPath = "";
			projectRoot = "";
			targets = (
				5D95A61B24D412AB000418B5 /* rasp.guap */,
			);
		};
/* End PBXProject section */

/* Begin PBXResourcesBuildPhase section */
		5D95A61A24D412AB000418B5 /* Resources */ = {
			isa = PBXResourcesBuildPhase;
			buildActionMask = 2147483647;
			files = (
				5D99B25024DD600900D6C648 /* SFProDisplay-UltralightItalic.ttf in Resources */,
				5DCE2FEA24E0282700CFF29A /* PocketDayView.xib in Resources */,
				5D99B24E24DD600900D6C648 /* SFProDisplay-BlackItalic.ttf in Resources */,
				5D99B23724DD58CF00D6C648 /* TTCommons-Medium.ttf in Resources */,
				5D99B25A24DD600900D6C648 /* SFProDisplay-RegularItalic.ttf in Resources */,
				5D99B25C24DD600900D6C648 /* SFProDisplay-Heavy.ttf in Resources */,
				5D99B23524DD58CF00D6C648 /* TTCommons-Bold.ttf in Resources */,
				5D99B25324DD600900D6C648 /* SFProDisplay-Regular.ttf in Resources */,
				5D99B25624DD600900D6C648 /* SFProDisplay-MediumItalic.ttf in Resources */,
				5D99B25724DD600900D6C648 /* SFProDisplay-Bold.ttf in Resources */,
				5D99B25F24DD600900D6C648 /* SFProDisplay-Light.ttf in Resources */,
				5D99B23A24DD58CF00D6C648 /* TTCommons-DemiBold.ttf in Resources */,
				5D99B23424DD58CF00D6C648 /* TTCommons-Regular.ttf in Resources */,
				5D99B25D24DD600900D6C648 /* SFProDisplay-BoldItalic.ttf in Resources */,
				5D99B23824DD58CF00D6C648 /* TTCommons-Italic.ttf in Resources */,
				5D99B23624DD58CF00D6C648 /* TTCommons-BoldItalic.ttf in Resources */,
				5D99B23B24DD58CF00D6C648 /* TTCommons-Light.ttf in Resources */,
				5DA10F8224DC5EBE00D09BD8 /* swiftgen.yml in Resources */,
				5D99B23324DD58CF00D6C648 /* TTCommons-MediumItalic.ttf in Resources */,
				5D99B25424DD600900D6C648 /* SFProDisplay-Ultralight.ttf in Resources */,
				5D95A63724D412AC000418B5 /* Assets.xcassets in Resources */,
				5D99B23224DD58CF00D6C648 /* TTCommons-LightItalic.ttf in Resources */,
				5D99B25824DD600900D6C648 /* SFProDisplay-Thin.ttf in Resources */,
				5D99B25B24DD600900D6C648 /* SFProDisplay-HeavyItalic.ttf in Resources */,
				5D95A63A24D412AC000418B5 /* LaunchScreen.storyboard in Resources */,
				5D99B25E24DD600900D6C648 /* SFProDisplay-SemiboldItalic.ttf in Resources */,
				5D99B25524DD600900D6C648 /* SFProDisplay-Semibold.ttf in Resources */,
				5D99B23924DD58CF00D6C648 /* TTCommons-DemiBoldItalic.ttf in Resources */,
				5D99B25124DD600900D6C648 /* SFProDisplay-LightItalic.ttf in Resources */,
				5D99B24F24DD600900D6C648 /* SFProDisplay-Black.ttf in Resources */,
				5D99B25224DD600900D6C648 /* SFProDisplay-Medium.ttf in Resources */,
				5D99B25924DD600900D6C648 /* SFProDisplay-ThinItalic.ttf in Resources */,
			);
			runOnlyForDeploymentPostprocessing = 0;
		};
/* End PBXResourcesBuildPhase section */

/* Begin PBXShellScriptBuildPhase section */
		026171D9DAFEDFA3E8078B37 /* [CP] Check Pods Manifest.lock */ = {
			isa = PBXShellScriptBuildPhase;
			buildActionMask = 2147483647;
			files = (
			);
			inputFileListPaths = (
			);
			inputPaths = (
				"${PODS_PODFILE_DIR_PATH}/Podfile.lock",
				"${PODS_ROOT}/Manifest.lock",
			);
			name = "[CP] Check Pods Manifest.lock";
			outputFileListPaths = (
			);
			outputPaths = (
				"$(DERIVED_FILE_DIR)/Pods-rasp.guap-checkManifestLockResult.txt",
			);
			runOnlyForDeploymentPostprocessing = 0;
			shellPath = /bin/sh;
			shellScript = "diff \"${PODS_PODFILE_DIR_PATH}/Podfile.lock\" \"${PODS_ROOT}/Manifest.lock\" > /dev/null\nif [ $? != 0 ] ; then\n    # print error to STDERR\n    echo \"error: The sandbox is not in sync with the Podfile.lock. Run 'pod install' or update your CocoaPods installation.\" >&2\n    exit 1\nfi\n# This output is used by Xcode 'outputs' to avoid re-running this script phase.\necho \"SUCCESS\" > \"${SCRIPT_OUTPUT_FILE_0}\"\n";
			showEnvVarsInLog = 0;
		};
		5DA10F7224DC458D00D09BD8 /* ShellScript */ = {
			isa = PBXShellScriptBuildPhase;
			buildActionMask = 2147483647;
			files = (
			);
			inputFileListPaths = (
			);
			inputPaths = (
			);
			outputFileListPaths = (
			);
			outputPaths = (
			);
			runOnlyForDeploymentPostprocessing = 0;
			shellPath = /bin/sh;
			shellScript = "# Type a script or drag a script file from your workspace to insert its path.\ncd rasp.guap\nswiftgen\ncd ../\n";
		};
		788A4287CF2100560709D7E6 /* [CP] Embed Pods Frameworks */ = {
			isa = PBXShellScriptBuildPhase;
			buildActionMask = 2147483647;
			files = (
			);
			inputFileListPaths = (
				"${PODS_ROOT}/Target Support Files/Pods-rasp.guap/Pods-rasp.guap-frameworks-${CONFIGURATION}-input-files.xcfilelist",
			);
			name = "[CP] Embed Pods Frameworks";
			outputFileListPaths = (
				"${PODS_ROOT}/Target Support Files/Pods-rasp.guap/Pods-rasp.guap-frameworks-${CONFIGURATION}-output-files.xcfilelist",
			);
			runOnlyForDeploymentPostprocessing = 0;
			shellPath = /bin/sh;
			shellScript = "\"${PODS_ROOT}/Target Support Files/Pods-rasp.guap/Pods-rasp.guap-frameworks.sh\"\n";
			showEnvVarsInLog = 0;
		};
/* End PBXShellScriptBuildPhase section */

/* Begin PBXSourcesBuildPhase section */
		5D95A61824D412AB000418B5 /* Sources */ = {
			isa = PBXSourcesBuildPhase;
			buildActionMask = 2147483647;
			files = (
				5D2ADFA024D42663006DACED /* TimetableFilterView.swift in Sources */,
				5DC4BC6D24DD80AC00E90BB3 /* PocketDeadlineView.swift in Sources */,
				5D3D6C9524E42EA2007CE482 /* MainTabBarController.swift in Sources */,
				5D26427324E41C57001A97A2 /* Timetable.Lesson.swift in Sources */,
				5DA10F6B24DC2EE600D09BD8 /* Fonts.swift in Sources */,
				5DA10F7E24DC5D7D00D09BD8 /* GroupSelectPage.swift in Sources */,
				5D7DF85824D42FC400CCD0AE /* CornerRadius.swift in Sources */,
				5DA7DD3724D4B8FB00176157 /* PagedView.swift in Sources */,
				5D2640EA24E41A58001A97A2 /* LessonInfoModalView.swift in Sources */,
				5DA10F3C24DB28EB00D09BD8 /* PagedViewDelegate.swift in Sources */,
				5D95A63524D412AB000418B5 /* rasp_guap.xcdatamodeld in Sources */,
				5D2ADFA624D42817006DACED /* TimetableFilterViewConroller.swift in Sources */,
				5DA10F4F24DC1A7700D09BD8 /* FirstTutorialPageSkipDelegate.swift in Sources */,
				5D26427524E41C57001A97A2 /* Schedule.swift in Sources */,
				5DA10F6924DC2EDA00D09BD8 /* Assets.swift in Sources */,
				5D26427224E41C57001A97A2 /* Grous.swift in Sources */,
				5DA10F4124DB497700D09BD8 /* DegreesToRadiansConvertion.swift in Sources */,
				5D95A62C24D412AB000418B5 /* ViewController.swift in Sources */,
				5DA10F7A24DC58B300D09BD8 /* FifthPageView.swift in Sources */,
				5DA10F8B24DC7B4900D09BD8 /* FifthPageViewController.swift in Sources */,
				5DA10F8924DC7B3E00D09BD8 /* FourthPageViewController.swift in Sources */,
				5DA10F6D24DC412600D09BD8 /* SecondPageView.swift in Sources */,
				5D74FE2424E0993700FC38B8 /* NibView.swift in Sources */,
				5D2ADF9D24D4242A006DACED /* ModalView.swift in Sources */,
				5DA10F8724DC7B3300D09BD8 /* ThirdPageViewController.swift in Sources */,
				5D26427124E41C57001A97A2 /* Timetable.swift in Sources */,
				5DA10F7124DC41D300D09BD8 /* TutorialPageTemplate.swift in Sources */,
				5DA10F7424DC4FB300D09BD8 /* ThirdPageView.swift in Sources */,
				5D74FE2B24E13FBF00FC38B8 /* TimetableLessonCell.swift in Sources */,
				5D26426F24E41C57001A97A2 /* Schedule.User.swift in Sources */,
				5D3E08C624D4A53400DF6DBD /* TutorialScreenViewController.swift in Sources */,
				5DA10F9124DCACE800D09BD8 /* PocketNewsView.swift in Sources */,
				5DA10F4D24DBFE3C00D09BD8 /* FirstPageViewController.swift in Sources */,
				5D26427024E41C57001A97A2 /* Preps.swift in Sources */,
				5DA10F8024DC5DF400D09BD8 /* GroupSelectPageViewController.swift in Sources */,
				5D296EAE24E2E747006AAE13 /* DarkModeDetect.swift in Sources */,
				5D95A62024D412AB000418B5 /* AppDelegate.swift in Sources */,
				5D0E336424E018FD00B45143 /* PocketDayView.swift in Sources */,
				5D2640E824E41A4F001A97A2 /* LessonInfoModalViewController.swift in Sources */,
				5D296EB124E2EC11006AAE13 /* PocketFAQCard.swift in Sources */,
				5DC4BC6F24DDCCFF00E90BB3 /* CheckBox.swift in Sources */,
				5DA10F8E24DC7D6500D09BD8 /* PocketDivView.swift in Sources */,
				5D3E08C424D4A51F00DF6DBD /* TutorialScreenView.swift in Sources */,
				5D95A62A24D412AB000418B5 /* View.swift in Sources */,
				5DA10F3F24DB452600D09BD8 /* BackgroundElipse.swift in Sources */,
				5DA10F8524DC7B2800D09BD8 /* SecondPageViewController.swift in Sources */,
				5DCE2FED24E03AEC00CFF29A /* PocketTagButton.swift in Sources */,
				5DA10F4924DB556A00D09BD8 /* FirstPageView.swift in Sources */,
				5D26427424E41C57001A97A2 /* Timetable.JSONLesson.swift in Sources */,
				5D7DF85C24D46B0E00CCD0AE /* Button.swift in Sources */,
				5DA10F7824DC58A900D09BD8 /* FourthPageView.swift in Sources */,
				5D2ADF9B24D42407006DACED /* ModalViewController.swift in Sources */,
				5D74FE2924E13E5B00FC38B8 /* TimetableViewController.swift in Sources */,
			);
			runOnlyForDeploymentPostprocessing = 0;
		};
/* End PBXSourcesBuildPhase section */

/* Begin PBXVariantGroup section */
		5D95A63824D412AC000418B5 /* LaunchScreen.storyboard */ = {
			isa = PBXVariantGroup;
			children = (
				5D95A63924D412AC000418B5 /* Base */,
			);
			name = LaunchScreen.storyboard;
			sourceTree = "<group>";
		};
/* End PBXVariantGroup section */

/* Begin XCBuildConfiguration section */
		5D95A63C24D412AC000418B5 /* Debug */ = {
			isa = XCBuildConfiguration;
			buildSettings = {
				ALWAYS_SEARCH_USER_PATHS = NO;
				CLANG_ANALYZER_NONNULL = YES;
				CLANG_ANALYZER_NUMBER_OBJECT_CONVERSION = YES_AGGRESSIVE;
				CLANG_CXX_LANGUAGE_STANDARD = "gnu++14";
				CLANG_CXX_LIBRARY = "libc++";
				CLANG_ENABLE_MODULES = YES;
				CLANG_ENABLE_OBJC_ARC = YES;
				CLANG_ENABLE_OBJC_WEAK = YES;
				CLANG_WARN_BLOCK_CAPTURE_AUTORELEASING = YES;
				CLANG_WARN_BOOL_CONVERSION = YES;
				CLANG_WARN_COMMA = YES;
				CLANG_WARN_CONSTANT_CONVERSION = YES;
				CLANG_WARN_DEPRECATED_OBJC_IMPLEMENTATIONS = YES;
				CLANG_WARN_DIRECT_OBJC_ISA_USAGE = YES_ERROR;
				CLANG_WARN_DOCUMENTATION_COMMENTS = YES;
				CLANG_WARN_EMPTY_BODY = YES;
				CLANG_WARN_ENUM_CONVERSION = YES;
				CLANG_WARN_INFINITE_RECURSION = YES;
				CLANG_WARN_INT_CONVERSION = YES;
				CLANG_WARN_NON_LITERAL_NULL_CONVERSION = YES;
				CLANG_WARN_OBJC_IMPLICIT_RETAIN_SELF = YES;
				CLANG_WARN_OBJC_LITERAL_CONVERSION = YES;
				CLANG_WARN_OBJC_ROOT_CLASS = YES_ERROR;
				CLANG_WARN_RANGE_LOOP_ANALYSIS = YES;
				CLANG_WARN_STRICT_PROTOTYPES = YES;
				CLANG_WARN_SUSPICIOUS_MOVE = YES;
				CLANG_WARN_UNGUARDED_AVAILABILITY = YES_AGGRESSIVE;
				CLANG_WARN_UNREACHABLE_CODE = YES;
				CLANG_WARN__DUPLICATE_METHOD_MATCH = YES;
				COPY_PHASE_STRIP = NO;
				DEBUG_INFORMATION_FORMAT = dwarf;
				ENABLE_STRICT_OBJC_MSGSEND = YES;
				ENABLE_TESTABILITY = YES;
				GCC_C_LANGUAGE_STANDARD = gnu11;
				GCC_DYNAMIC_NO_PIC = NO;
				GCC_NO_COMMON_BLOCKS = YES;
				GCC_OPTIMIZATION_LEVEL = 0;
				GCC_PREPROCESSOR_DEFINITIONS = (
					"DEBUG=1",
					"$(inherited)",
				);
				GCC_WARN_64_TO_32_BIT_CONVERSION = YES;
				GCC_WARN_ABOUT_RETURN_TYPE = YES_ERROR;
				GCC_WARN_UNDECLARED_SELECTOR = YES;
				GCC_WARN_UNINITIALIZED_AUTOS = YES_AGGRESSIVE;
				GCC_WARN_UNUSED_FUNCTION = YES;
				GCC_WARN_UNUSED_VARIABLE = YES;
				IPHONEOS_DEPLOYMENT_TARGET = 11.0;
				MTL_ENABLE_DEBUG_INFO = INCLUDE_SOURCE;
				MTL_FAST_MATH = YES;
				ONLY_ACTIVE_ARCH = YES;
				SDKROOT = iphoneos;
				SWIFT_ACTIVE_COMPILATION_CONDITIONS = DEBUG;
				SWIFT_OPTIMIZATION_LEVEL = "-Onone";
			};
			name = Debug;
		};
		5D95A63D24D412AC000418B5 /* Release */ = {
			isa = XCBuildConfiguration;
			buildSettings = {
				ALWAYS_SEARCH_USER_PATHS = NO;
				CLANG_ANALYZER_NONNULL = YES;
				CLANG_ANALYZER_NUMBER_OBJECT_CONVERSION = YES_AGGRESSIVE;
				CLANG_CXX_LANGUAGE_STANDARD = "gnu++14";
				CLANG_CXX_LIBRARY = "libc++";
				CLANG_ENABLE_MODULES = YES;
				CLANG_ENABLE_OBJC_ARC = YES;
				CLANG_ENABLE_OBJC_WEAK = YES;
				CLANG_WARN_BLOCK_CAPTURE_AUTORELEASING = YES;
				CLANG_WARN_BOOL_CONVERSION = YES;
				CLANG_WARN_COMMA = YES;
				CLANG_WARN_CONSTANT_CONVERSION = YES;
				CLANG_WARN_DEPRECATED_OBJC_IMPLEMENTATIONS = YES;
				CLANG_WARN_DIRECT_OBJC_ISA_USAGE = YES_ERROR;
				CLANG_WARN_DOCUMENTATION_COMMENTS = YES;
				CLANG_WARN_EMPTY_BODY = YES;
				CLANG_WARN_ENUM_CONVERSION = YES;
				CLANG_WARN_INFINITE_RECURSION = YES;
				CLANG_WARN_INT_CONVERSION = YES;
				CLANG_WARN_NON_LITERAL_NULL_CONVERSION = YES;
				CLANG_WARN_OBJC_IMPLICIT_RETAIN_SELF = YES;
				CLANG_WARN_OBJC_LITERAL_CONVERSION = YES;
				CLANG_WARN_OBJC_ROOT_CLASS = YES_ERROR;
				CLANG_WARN_RANGE_LOOP_ANALYSIS = YES;
				CLANG_WARN_STRICT_PROTOTYPES = YES;
				CLANG_WARN_SUSPICIOUS_MOVE = YES;
				CLANG_WARN_UNGUARDED_AVAILABILITY = YES_AGGRESSIVE;
				CLANG_WARN_UNREACHABLE_CODE = YES;
				CLANG_WARN__DUPLICATE_METHOD_MATCH = YES;
				COPY_PHASE_STRIP = NO;
				DEBUG_INFORMATION_FORMAT = "dwarf-with-dsym";
				ENABLE_NS_ASSERTIONS = NO;
				ENABLE_STRICT_OBJC_MSGSEND = YES;
				GCC_C_LANGUAGE_STANDARD = gnu11;
				GCC_NO_COMMON_BLOCKS = YES;
				GCC_WARN_64_TO_32_BIT_CONVERSION = YES;
				GCC_WARN_ABOUT_RETURN_TYPE = YES_ERROR;
				GCC_WARN_UNDECLARED_SELECTOR = YES;
				GCC_WARN_UNINITIALIZED_AUTOS = YES_AGGRESSIVE;
				GCC_WARN_UNUSED_FUNCTION = YES;
				GCC_WARN_UNUSED_VARIABLE = YES;
				IPHONEOS_DEPLOYMENT_TARGET = 11.0;
				MTL_ENABLE_DEBUG_INFO = NO;
				MTL_FAST_MATH = YES;
				SDKROOT = iphoneos;
				SWIFT_COMPILATION_MODE = wholemodule;
				SWIFT_OPTIMIZATION_LEVEL = "-O";
				VALIDATE_PRODUCT = YES;
			};
			name = Release;
		};
		5D95A63F24D412AC000418B5 /* Debug */ = {
			isa = XCBuildConfiguration;
			baseConfigurationReference = 71877CC64B93F636D05D788C /* Pods-rasp.guap.debug.xcconfig */;
			buildSettings = {
				ASSETCATALOG_COMPILER_APPICON_NAME = AppIconLight;
				CODE_SIGN_STYLE = Automatic;
				DEVELOPMENT_TEAM = 45G7K48JJS;
				INFOPLIST_FILE = rasp.guap/Info.plist;
				IPHONEOS_DEPLOYMENT_TARGET = 13.6;
				LD_RUNPATH_SEARCH_PATHS = (
					"$(inherited)",
					"@executable_path/Frameworks",
				);
				PRODUCT_BUNDLE_IDENTIFIER = com.kovalev.guap;
				PRODUCT_NAME = "SUAI Pocket";
				SWIFT_VERSION = 5.0;
				TARGETED_DEVICE_FAMILY = "1,2";
			};
			name = Debug;
		};
		5D95A64024D412AC000418B5 /* Release */ = {
			isa = XCBuildConfiguration;
			baseConfigurationReference = 6D74A57EA11B09DCA279D291 /* Pods-rasp.guap.release.xcconfig */;
			buildSettings = {
				ASSETCATALOG_COMPILER_APPICON_NAME = AppIconLight;
				CODE_SIGN_STYLE = Automatic;
				DEVELOPMENT_TEAM = 45G7K48JJS;
				INFOPLIST_FILE = rasp.guap/Info.plist;
				IPHONEOS_DEPLOYMENT_TARGET = 13.6;
				LD_RUNPATH_SEARCH_PATHS = (
					"$(inherited)",
					"@executable_path/Frameworks",
				);
				PRODUCT_BUNDLE_IDENTIFIER = com.kovalev.guap;
				PRODUCT_NAME = "SUAI Pocket";
				SWIFT_VERSION = 5.0;
				TARGETED_DEVICE_FAMILY = "1,2";
			};
			name = Release;
		};
/* End XCBuildConfiguration section */

/* Begin XCConfigurationList section */
		5D95A61724D412AB000418B5 /* Build configuration list for PBXProject "rasp.guap" */ = {
			isa = XCConfigurationList;
			buildConfigurations = (
				5D95A63C24D412AC000418B5 /* Debug */,
				5D95A63D24D412AC000418B5 /* Release */,
			);
			defaultConfigurationIsVisible = 0;
			defaultConfigurationName = Release;
		};
		5D95A63E24D412AC000418B5 /* Build configuration list for PBXNativeTarget "rasp.guap" */ = {
			isa = XCConfigurationList;
			buildConfigurations = (
				5D95A63F24D412AC000418B5 /* Debug */,
				5D95A64024D412AC000418B5 /* Release */,
			);
			defaultConfigurationIsVisible = 0;
			defaultConfigurationName = Release;
		};
/* End XCConfigurationList section */

/* Begin XCVersionGroup section */
		5D95A63324D412AB000418B5 /* rasp_guap.xcdatamodeld */ = {
			isa = XCVersionGroup;
			children = (
				5D95A63424D412AB000418B5 /* rasp_guap.xcdatamodel */,
			);
			currentVersion = 5D95A63424D412AB000418B5 /* rasp_guap.xcdatamodel */;
			path = rasp_guap.xcdatamodeld;
			sourceTree = "<group>";
			versionGroupType = wrapper.xcdatamodel;
		};
/* End XCVersionGroup section */
	};
	rootObject = 5D95A61424D412AB000418B5 /* Project object */;
}
