PODS:
  - ESTabBarController-swift (2.8.0)
  - SnapKit (5.0.1)
  - SwiftyVK (3.4.2)

DEPENDENCIES:
  - ESTabBarController-swift
  - SnapKit
  - SwiftyVK

SPEC REPOS:
  trunk:
    - ESTabBarController-swift
    - SnapKit
    - SwiftyVK

SPEC CHECKSUMS:
  ESTabBarController-swift: 05593a6ad64700b03c0eb60ff625916370aa4136
  SnapKit: 97b92857e3df3a0c71833cce143274bf6ef8e5eb
  SwiftyVK: 5005dac6e85f7b0fd44e21ed2f021a397dff4cab

PODFILE CHECKSUM: a8e854f33ba6f9347e663254e34d9882ad3aa272

COCOAPODS: 1.9.3
